
Microsoft Visual Studio Solution File, Format Version 12.00
# Visual Studio Version 17
VisualStudioVersion = 17.3.32929.385
MinimumVisualStudioVersion = 10.0.40219.1
Project("{9A19103F-16F7-4668-BE54-9A1E7A4F7556}") = "01-AluguelCarrosSemInterface", "01-AluguelCarrosSemInterface\01-AluguelCarrosSemInterface.csproj", "{932EB1C2-A46C-483D-9D9A-F3234DCD03DE}"
EndProject
Project("{9A19103F-16F7-4668-BE54-9A1E7A4F7556}") = "02-AluguelCarrosComInterface", "02-AluguelCarrosComInterface\02-AluguelCarrosComInterface.csproj", "{C60FE804-0E38-4D71-84B9-AFED44B8F2C5}"
EndProject
Project("{9A19103F-16F7-4668-BE54-9A1E7A4F7556}") = "03-ExercicioFixacao", "03-ExercicioFixacao\03-ExercicioFixacao.csproj", "{E9723EC2-FBFA-4960-9C42-644C78B8A944}"
EndProject
Project("{FAE04EC0-301F-11D3-BF4B-00C04F79EFBC}") = "04-ExemploSemInterface", "04-ExemploSemInterface\04-ExemploSemInterface.csproj", "{043326B9-54E2-43A6-BAFA-588377744E39}"
EndProject
Project("{FAE04EC0-301F-11D3-BF4B-00C04F79EFBC}") = "05-ExemploComInterface", "05-ExemploComInterface\05-ExemploComInterface.csproj", "{375724BD-EB63-4228-85A7-18C54B39CB9B}"
EndProject
Global
	GlobalSection(SolutionConfigurationPlatforms) = preSolution
		Debug|Any CPU = Debug|Any CPU
		Release|Any CPU = Release|Any CPU
	EndGlobalSection
	GlobalSection(ProjectConfigurationPlatforms) = postSolution
		{932EB1C2-A46C-483D-9D9A-F3234DCD03DE}.Debug|Any CPU.ActiveCfg = Debug|Any CPU
		{932EB1C2-A46C-483D-9D9A-F3234DCD03DE}.Debug|Any CPU.Build.0 = Debug|Any CPU
		{932EB1C2-A46C-483D-9D9A-F3234DCD03DE}.Release|Any CPU.ActiveCfg = Release|Any CPU
		{932EB1C2-A46C-483D-9D9A-F3234DCD03DE}.Release|Any CPU.Build.0 = Release|Any CPU
		{C60FE804-0E38-4D71-84B9-AFED44B8F2C5}.Debug|Any CPU.ActiveCfg = Debug|Any CPU
		{C60FE804-0E38-4D71-84B9-AFED44B8F2C5}.Debug|Any CPU.Build.0 = Debug|Any CPU
		{C60FE804-0E38-4D71-84B9-AFED44B8F2C5}.Release|Any CPU.ActiveCfg = Release|Any CPU
		{C60FE804-0E38-4D71-84B9-AFED44B8F2C5}.Release|Any CPU.Build.0 = Release|Any CPU
		{E9723EC2-FBFA-4960-9C42-644C78B8A944}.Debug|Any CPU.ActiveCfg = Debug|Any CPU
		{E9723EC2-FBFA-4960-9C42-644C78B8A944}.Debug|Any CPU.Build.0 = Debug|Any CPU
		{E9723EC2-FBFA-4960-9C42-644C78B8A944}.Release|Any CPU.ActiveCfg = Release|Any CPU
		{E9723EC2-FBFA-4960-9C42-644C78B8A944}.Release|Any CPU.Build.0 = Release|Any CPU
		{043326B9-54E2-43A6-BAFA-588377744E39}.Debug|Any CPU.ActiveCfg = Debug|Any CPU
		{043326B9-54E2-43A6-BAFA-588377744E39}.Debug|Any CPU.Build.0 = Debug|Any CPU
		{043326B9-54E2-43A6-BAFA-588377744E39}.Release|Any CPU.ActiveCfg = Release|Any CPU
		{043326B9-54E2-43A6-BAFA-588377744E39}.Release|Any CPU.Build.0 = Release|Any CPU
		{375724BD-EB63-4228-85A7-18C54B39CB9B}.Debug|Any CPU.ActiveCfg = Debug|Any CPU
		{375724BD-EB63-4228-85A7-18C54B39CB9B}.Debug|Any CPU.Build.0 = Debug|Any CPU
		{375724BD-EB63-4228-85A7-18C54B39CB9B}.Release|Any CPU.ActiveCfg = Release|Any CPU
		{375724BD-EB63-4228-85A7-18C54B39CB9B}.Release|Any CPU.Build.0 = Release|Any CPU
	EndGlobalSection
	GlobalSection(SolutionProperties) = preSolution
		HideSolutionNode = FALSE
	EndGlobalSection
	GlobalSection(ExtensibilityGlobals) = postSolution
		SolutionGuid = {EFC29685-AD63-468D-BED6-AEE13AE1083D}
	EndGlobalSection
EndGlobal
